// !$*UTF8*$!
{
	archiveVersion = 1;
	classes = {
	};
	objectVersion = 46;
	objects = {

/* Begin PBXBuildFile section */
		807835E31EB9C1A000D2FE0E /* AppDelegate.swift in Sources */ = {isa = PBXBuildFile; fileRef = 807835E21EB9C1A000D2FE0E /* AppDelegate.swift */; };
		807835E51EB9C1A000D2FE0E /* ViewController.swift in Sources */ = {isa = PBXBuildFile; fileRef = 807835E41EB9C1A000D2FE0E /* ViewController.swift */; };
		807835E81EB9C1A000D2FE0E /* Main.storyboard in Resources */ = {isa = PBXBuildFile; fileRef = 807835E61EB9C1A000D2FE0E /* Main.storyboard */; };
		807835EA1EB9C1A000D2FE0E /* Assets.xcassets in Resources */ = {isa = PBXBuildFile; fileRef = 807835E91EB9C1A000D2FE0E /* Assets.xcassets */; };
		807835ED1EB9C1A000D2FE0E /* LaunchScreen.storyboard in Resources */ = {isa = PBXBuildFile; fileRef = 807835EB1EB9C1A000D2FE0E /* LaunchScreen.storyboard */; };
		807835F81EB9C1A000D2FE0E /* _0170503Tests.swift in Sources */ = {isa = PBXBuildFile; fileRef = 807835F71EB9C1A000D2FE0E /* _0170503Tests.swift */; };
		807836031EB9C1A000D2FE0E /* _0170503UITests.swift in Sources */ = {isa = PBXBuildFile; fileRef = 807836021EB9C1A000D2FE0E /* _0170503UITests.swift */; };
/* End PBXBuildFile section */

/* Begin PBXContainerItemProxy section */
		807835F41EB9C1A000D2FE0E /* PBXContainerItemProxy */ = {
			isa = PBXContainerItemProxy;
			containerPortal = 807835D71EB9C1A000D2FE0E /* Project object */;
			proxyType = 1;
			remoteGlobalIDString = 807835DE1EB9C1A000D2FE0E;
			remoteInfo = 20170503;
		};
		807835FF1EB9C1A000D2FE0E /* PBXContainerItemProxy */ = {
			isa = PBXContainerItemProxy;
			containerPortal = 807835D71EB9C1A000D2FE0E /* Project object */;
			proxyType = 1;
			remoteGlobalIDString = 807835DE1EB9C1A000D2FE0E;
			remoteInfo = 20170503;
		};
/* End PBXContainerItemProxy section */

/* Begin PBXFileReference section */
		807835DF1EB9C1A000D2FE0E /* 20170503.app */ = {isa = PBXFileReference; explicitFileType = wrapper.application; includeInIndex = 0; path = 20170503.app; sourceTree = BUILT_PRODUCTS_DIR; };
		807835E21EB9C1A000D2FE0E /* AppDelegate.swift */ = {isa = PBXFileReference; lastKnownFileType = sourcecode.swift; path = AppDelegate.swift; sourceTree = "<group>"; };
		807835E41EB9C1A000D2FE0E /* ViewController.swift */ = {isa = PBXFileReference; lastKnownFileType = sourcecode.swift; path = ViewController.swift; sourceTree = "<group>"; };
		807835E71EB9C1A000D2FE0E /* Base */ = {isa = PBXFileReference; lastKnownFileType = file.storyboard; name = Base; path = Base.lproj/Main.storyboard; sourceTree = "<group>"; };
		807835E91EB9C1A000D2FE0E /* Assets.xcassets */ = {isa = PBXFileReference; lastKnownFileType = folder.assetcatalog; path = Assets.xcassets; sourceTree = "<group>"; };
		807835EC1EB9C1A000D2FE0E /* Base */ = {isa = PBXFileReference; lastKnownFileType = file.storyboard; name = Base; path = Base.lproj/LaunchScreen.storyboard; sourceTree = "<group>"; };
		807835EE1EB9C1A000D2FE0E /* Info.plist */ = {isa = PBXFileReference; lastKnownFileType = text.plist.xml; path = Info.plist; sourceTree = "<group>"; };
		807835F31EB9C1A000D2FE0E /* 20170503Tests.xctest */ = {isa = PBXFileReference; explicitFileType = wrapper.cfbundle; includeInIndex = 0; path = 20170503Tests.xctest; sourceTree = BUILT_PRODUCTS_DIR; };
		807835F71EB9C1A000D2FE0E /* _0170503Tests.swift */ = {isa = PBXFileReference; lastKnownFileType = sourcecode.swift; path = _0170503Tests.swift; sourceTree = "<group>"; };
		807835F91EB9C1A000D2FE0E /* Info.plist */ = {isa = PBXFileReference; lastKnownFileType = text.plist.xml; path = Info.plist; sourceTree = "<group>"; };
		807835FE1EB9C1A000D2FE0E /* 20170503UITests.xctest */ = {isa = PBXFileReference; explicitFileType = wrapper.cfbundle; includeInIndex = 0; path = 20170503UITests.xctest; sourceTree = BUILT_PRODUCTS_DIR; };
		807836021EB9C1A000D2FE0E /* _0170503UITests.swift */ = {isa = PBXFileReference; lastKnownFileType = sourcecode.swift; path = _0170503UITests.swift; sourceTree = "<group>"; };
		807836041EB9C1A000D2FE0E /* Info.plist */ = {isa = PBXFileReference; lastKnownFileType = text.plist.xml; path = Info.plist; sourceTree = "<group>"; };
/* End PBXFileReference section */

/* Begin PBXFrameworksBuildPhase section */
		807835DC1EB9C1A000D2FE0E /* Frameworks */ = {
			isa = PBXFrameworksBuildPhase;
			buildActionMask = 2147483647;
			files = (
			);
			runOnlyForDeploymentPostprocessing = 0;
		};
		807835F01EB9C1A000D2FE0E /* Frameworks */ = {
			isa = PBXFrameworksBuildPhase;
			buildActionMask = 2147483647;
			files = (
			);
			runOnlyForDeploymentPostprocessing = 0;
		};
		807835FB1EB9C1A000D2FE0E /* Frameworks */ = {
			isa = PBXFrameworksBuildPhase;
			buildActionMask = 2147483647;
			files = (
			);
			runOnlyForDeploymentPostprocessing = 0;
		};
/* End PBXFrameworksBuildPhase section */

/* Begin PBXGroup section */
		807835D61EB9C1A000D2FE0E = {
			isa = PBXGroup;
			children = (
				807835E11EB9C1A000D2FE0E /* 20170503 */,
				807835F61EB9C1A000D2FE0E /* 20170503Tests */,
				807836011EB9C1A000D2FE0E /* 20170503UITests */,
				807835E01EB9C1A000D2FE0E /* Products */,
			);
			sourceTree = "<group>";
		};
		807835E01EB9C1A000D2FE0E /* Products */ = {
			isa = PBXGroup;
			children = (
				807835DF1EB9C1A000D2FE0E /* 20170503.app */,
				807835F31EB9C1A000D2FE0E /* 20170503Tests.xctest */,
				807835FE1EB9C1A000D2FE0E /* 20170503UITests.xctest */,
			);
			name = Products;
			sourceTree = "<group>";
		};
		807835E11EB9C1A000D2FE0E /* 20170503 */ = {
			isa = PBXGroup;
			children = (
				807835E21EB9C1A000D2FE0E /* AppDelegate.swift */,
				807835E41EB9C1A000D2FE0E /* ViewController.swift */,
				807835E61EB9C1A000D2FE0E /* Main.storyboard */,
				807835E91EB9C1A000D2FE0E /* Assets.xcassets */,
				807835EB1EB9C1A000D2FE0E /* LaunchScreen.storyboard */,
				807835EE1EB9C1A000D2FE0E /* Info.plist */,
			);
			path = 20170503;
			sourceTree = "<group>";
		};
		807835F61EB9C1A000D2FE0E /* 20170503Tests */ = {
			isa = PBXGroup;
			children = (
				807835F71EB9C1A000D2FE0E /* _0170503Tests.swift */,
				807835F91EB9C1A000D2FE0E /* Info.plist */,
			);
			path = 20170503Tests;
			sourceTree = "<group>";
		};
		807836011EB9C1A000D2FE0E /* 20170503UITests */ = {
			isa = PBXGroup;
			children = (
				807836021EB9C1A000D2FE0E /* _0170503UITests.swift */,
				807836041EB9C1A000D2FE0E /* Info.plist */,
			);
			path = 20170503UITests;
			sourceTree = "<group>";
		};
/* End PBXGroup section */

/* Begin PBXNativeTarget section */
		807835DE1EB9C1A000D2FE0E /* 20170503 */ = {
			isa = PBXNativeTarget;
			buildConfigurationList = 807836071EB9C1A000D2FE0E /* Build configuration list for PBXNativeTarget "20170503" */;
			buildPhases = (
				807835DB1EB9C1A000D2FE0E /* Sources */,
				807835DC1EB9C1A000D2FE0E /* Frameworks */,
				807835DD1EB9C1A000D2FE0E /* Resources */,
			);
			buildRules = (
			);
			dependencies = (
			);
			name = 20170503;
			productName = 20170503;
			productReference = 807835DF1EB9C1A000D2FE0E /* 20170503.app */;
			productType = "com.apple.product-type.application";
		};
		807835F21EB9C1A000D2FE0E /* 20170503Tests */ = {
			isa = PBXNativeTarget;
			buildConfigurationList = 8078360A1EB9C1A000D2FE0E /* Build configuration list for PBXNativeTarget "20170503Tests" */;
			buildPhases = (
				807835EF1EB9C1A000D2FE0E /* Sources */,
				807835F01EB9C1A000D2FE0E /* Frameworks */,
				807835F11EB9C1A000D2FE0E /* Resources */,
			);
			buildRules = (
			);
			dependencies = (
				807835F51EB9C1A000D2FE0E /* PBXTargetDependency */,
			);
			name = 20170503Tests;
			productName = 20170503Tests;
			productReference = 807835F31EB9C1A000D2FE0E /* 20170503Tests.xctest */;
			productType = "com.apple.product-type.bundle.unit-test";
		};
		807835FD1EB9C1A000D2FE0E /* 20170503UITests */ = {
			isa = PBXNativeTarget;
			buildConfigurationList = 8078360D1EB9C1A000D2FE0E /* Build configuration list for PBXNativeTarget "20170503UITests" */;
			buildPhases = (
				807835FA1EB9C1A000D2FE0E /* Sources */,
				807835FB1EB9C1A000D2FE0E /* Frameworks */,
				807835FC1EB9C1A000D2FE0E /* Resources */,
			);
			buildRules = (
			);
			dependencies = (
				807836001EB9C1A000D2FE0E /* PBXTargetDependency */,
			);
			name = 20170503UITests;
			productName = 20170503UITests;
			productReference = 807835FE1EB9C1A000D2FE0E /* 20170503UITests.xctest */;
			productType = "com.apple.product-type.bundle.ui-testing";
		};
/* End PBXNativeTarget section */

/* Begin PBXProject section */
		807835D71EB9C1A000D2FE0E /* Project object */ = {
			isa = PBXProject;
			attributes = {
				LastSwiftUpdateCheck = 0830;
				LastUpgradeCheck = 0830;
				ORGANIZATIONNAME = juicemeart;
				TargetAttributes = {
					807835DE1EB9C1A000D2FE0E = {
						CreatedOnToolsVersion = 8.3.1;
						ProvisioningStyle = Automatic;
					};
					807835F21EB9C1A000D2FE0E = {
						CreatedOnToolsVersion = 8.3.1;
						ProvisioningStyle = Automatic;
						TestTargetID = 807835DE1EB9C1A000D2FE0E;
					};
					807835FD1EB9C1A000D2FE0E = {
						CreatedOnToolsVersion = 8.3.1;
						ProvisioningStyle = Automatic;
						TestTargetID = 807835DE1EB9C1A000D2FE0E;
					};
				};
			};
			buildConfigurationList = 807835DA1EB9C1A000D2FE0E /* Build configuration list for PBXProject "20170503" */;
			compatibilityVersion = "Xcode 3.2";
			developmentRegion = English;
			hasScannedForEncodings = 0;
			knownRegions = (
				en,
				Base,
			);
			mainGroup = 807835D61EB9C1A000D2FE0E;
			productRefGroup = 807835E01EB9C1A000D2FE0E /* Products */;
			projectDirPath = "";
			projectRoot = "";
			targets = (
				807835DE1EB9C1A000D2FE0E /* 20170503 */,
				807835F21EB9C1A000D2FE0E /* 20170503Tests */,
				807835FD1EB9C1A000D2FE0E /* 20170503UITests */,
			);
		};
/* End PBXProject section */

/* Begin PBXResourcesBuildPhase section */
		807835DD1EB9C1A000D2FE0E /* Resources */ = {
			isa = PBXResourcesBuildPhase;
			buildActionMask = 2147483647;
			files = (
				807835ED1EB9C1A000D2FE0E /* LaunchScreen.storyboard in Resources */,
				807835EA1EB9C1A000D2FE0E /* Assets.xcassets in Resources */,
				807835E81EB9C1A000D2FE0E /* Main.storyboard in Resources */,
			);
			runOnlyForDeploymentPostprocessing = 0;
		};
		807835F11EB9C1A000D2FE0E /* Resources */ = {
			isa = PBXResourcesBuildPhase;
			buildActionMask = 2147483647;
			files = (
			);
			runOnlyForDeploymentPostprocessing = 0;
		};
		807835FC1EB9C1A000D2FE0E /* Resources */ = {
			isa = PBXResourcesBuildPhase;
			buildActionMask = 2147483647;
			files = (
			);
			runOnlyForDeploymentPostprocessing = 0;
		};
/* End PBXResourcesBuildPhase section */

/* Begin PBXSourcesBuildPhase section */
		807835DB1EB9C1A000D2FE0E /* Sources */ = {
			isa = PBXSourcesBuildPhase;
			buildActionMask = 2147483647;
			files = (
				807835E51EB9C1A000D2FE0E /* ViewController.swift in Sources */,
				807835E31EB9C1A000D2FE0E /* AppDelegate.swift in Sources */,
			);
			runOnlyForDeploymentPostprocessing = 0;
		};
		807835EF1EB9C1A000D2FE0E /* Sources */ = {
			isa = PBXSourcesBuildPhase;
			buildActionMask = 2147483647;
			files = (
				807835F81EB9C1A000D2FE0E /* _0170503Tests.swift in Sources */,
			);
			runOnlyForDeploymentPostprocessing = 0;
		};
		807835FA1EB9C1A000D2FE0E /* Sources */ = {
			isa = PBXSourcesBuildPhase;
			buildActionMask = 2147483647;
			files = (
				807836031EB9C1A000D2FE0E /* _0170503UITests.swift in Sources */,
			);
			runOnlyForDeploymentPostprocessing = 0;
		};
/* End PBXSourcesBuildPhase section */

/* Begin PBXTargetDependency section */
		807835F51EB9C1A000D2FE0E /* PBXTargetDependency */ = {
			isa = PBXTargetDependency;
			target = 807835DE1EB9C1A000D2FE0E /* 20170503 */;
			targetProxy = 807835F41EB9C1A000D2FE0E /* PBXContainerItemProxy */;
		};
		807836001EB9C1A000D2FE0E /* PBXTargetDependency */ = {
			isa = PBXTargetDependency;
			target = 807835DE1EB9C1A000D2FE0E /* 20170503 */;
			targetProxy = 807835FF1EB9C1A000D2FE0E /* PBXContainerItemProxy */;
		};
/* End PBXTargetDependency section */

/* Begin PBXVariantGroup section */
		807835E61EB9C1A000D2FE0E /* Main.storyboard */ = {
			isa = PBXVariantGroup;
			children = (
				807835E71EB9C1A000D2FE0E /* Base */,
			);
			name = Main.storyboard;
			sourceTree = "<group>";
		};
		807835EB1EB9C1A000D2FE0E /* LaunchScreen.storyboard */ = {
			isa = PBXVariantGroup;
			children = (
				807835EC1EB9C1A000D2FE0E /* Base */,
			);
			name = LaunchScreen.storyboard;
			sourceTree = "<group>";
		};
/* End PBXVariantGroup section */

/* Begin XCBuildConfiguration section */
		807836051EB9C1A000D2FE0E /* Debug */ = {
			isa = XCBuildConfiguration;
			buildSettings = {
				ALWAYS_SEARCH_USER_PATHS = NO;
				CLANG_ANALYZER_NONNULL = YES;
				CLANG_ANALYZER_NUMBER_OBJECT_CONVERSION = YES_AGGRESSIVE;
				CLANG_CXX_LANGUAGE_STANDARD = "gnu++0x";
				CLANG_CXX_LIBRARY = "libc++";
				CLANG_ENABLE_MODULES = YES;
				CLANG_ENABLE_OBJC_ARC = YES;
				CLANG_WARN_BOOL_CONVERSION = YES;
				CLANG_WARN_CONSTANT_CONVERSION = YES;
				CLANG_WARN_DIRECT_OBJC_ISA_USAGE = YES_ERROR;
				CLANG_WARN_DOCUMENTATION_COMMENTS = YES;
				CLANG_WARN_EMPTY_BODY = YES;
				CLANG_WARN_ENUM_CONVERSION = YES;
				CLANG_WARN_INFINITE_RECURSION = YES;
				CLANG_WARN_INT_CONVERSION = YES;
				CLANG_WARN_OBJC_ROOT_CLASS = YES_ERROR;
				CLANG_WARN_SUSPICIOUS_MOVE = YES;
				CLANG_WARN_UNREACHABLE_CODE = YES;
				CLANG_WARN__DUPLICATE_METHOD_MATCH = YES;
				"CODE_SIGN_IDENTITY[sdk=iphoneos*]" = "iPhone Developer";
				COPY_PHASE_STRIP = NO;
				DEBUG_INFORMATION_FORMAT = dwarf;
				ENABLE_STRICT_OBJC_MSGSEND = YES;
				ENABLE_TESTABILITY = YES;
				GCC_C_LANGUAGE_STANDARD = gnu99;
				GCC_DYNAMIC_NO_PIC = NO;
				GCC_NO_COMMON_BLOCKS = YES;
				GCC_OPTIMIZATION_LEVEL = 0;
				GCC_PREPROCESSOR_DEFINITIONS = (
					"DEBUG=1",
					"$(inherited)",
				);
				GCC_WARN_64_TO_32_BIT_CONVERSION = YES;
				GCC_WARN_ABOUT_RETURN_TYPE = YES_ERROR;
				GCC_WARN_UNDECLARED_SELECTOR = YES;
				GCC_WARN_UNINITIALIZED_AUTOS = YES_AGGRESSIVE;
				GCC_WARN_UNUSED_FUNCTION = YES;
				GCC_WARN_UNUSED_VARIABLE = YES;
				IPHONEOS_DEPLOYMENT_TARGET = 10.3;
				MTL_ENABLE_DEBUG_INFO = YES;
				ONLY_ACTIVE_ARCH = YES;
				SDKROOT = iphoneos;
				SWIFT_ACTIVE_COMPILATION_CONDITIONS = DEBUG;
				SWIFT_OPTIMIZATION_LEVEL = "-Onone";
			};
			name = Debug;
		};
		807836061EB9C1A000D2FE0E /* Release */ = {
			isa = XCBuildConfiguration;
			buildSettings = {
				ALWAYS_SEARCH_USER_PATHS = NO;
				CLANG_ANALYZER_NONNULL = YES;
				CLANG_ANALYZER_NUMBER_OBJECT_CONVERSION = YES_AGGRESSIVE;
				CLANG_CXX_LANGUAGE_STANDARD = "gnu++0x";
				CLANG_CXX_LIBRARY = "libc++";
				CLANG_ENABLE_MODULES = YES;
				CLANG_ENABLE_OBJC_ARC = YES;
				CLANG_WARN_BOOL_CONVERSION = YES;
				CLANG_WARN_CONSTANT_CONVERSION = YES;
				CLANG_WARN_DIRECT_OBJC_ISA_USAGE = YES_ERROR;
				CLANG_WARN_DOCUMENTATION_COMMENTS = YES;
				CLANG_WARN_EMPTY_BODY = YES;
				CLANG_WARN_ENUM_CONVERSION = YES;
				CLANG_WARN_INFINITE_RECURSION = YES;
				CLANG_WARN_INT_CONVERSION = YES;
				CLANG_WARN_OBJC_ROOT_CLASS = YES_ERROR;
				CLANG_WARN_SUSPICIOUS_MOVE = YES;
				CLANG_WARN_UNREACHABLE_CODE = YES;
				CLANG_WARN__DUPLICATE_METHOD_MATCH = YES;
				"CODE_SIGN_IDENTITY[sdk=iphoneos*]" = "iPhone Developer";
				COPY_PHASE_STRIP = NO;
				DEBUG_INFORMATION_FORMAT = "dwarf-with-dsym";
				ENABLE_NS_ASSERTIONS = NO;
				ENABLE_STRICT_OBJC_MSGSEND = YES;
				GCC_C_LANGUAGE_STANDARD = gnu99;
				GCC_NO_COMMON_BLOCKS = YES;
				GCC_WARN_64_TO_32_BIT_CONVERSION = YES;
				GCC_WARN_ABOUT_RETURN_TYPE = YES_ERROR;
				GCC_WARN_UNDECLARED_SELECTOR = YES;
				GCC_WARN_UNINITIALIZED_AUTOS = YES_AGGRESSIVE;
				GCC_WARN_UNUSED_FUNCTION = YES;
				GCC_WARN_UNUSED_VARIABLE = YES;
				IPHONEOS_DEPLOYMENT_TARGET = 10.3;
				MTL_ENABLE_DEBUG_INFO = NO;
				SDKROOT = iphoneos;
				SWIFT_OPTIMIZATION_LEVEL = "-Owholemodule";
				VALIDATE_PRODUCT = YES;
			};
			name = Release;
		};
		807836081EB9C1A000D2FE0E /* Debug */ = {
			isa = XCBuildConfiguration;
			buildSettings = {
				ASSETCATALOG_COMPILER_APPICON_NAME = AppIcon;
				INFOPLIST_FILE = 20170503/Info.plist;
				LD_RUNPATH_SEARCH_PATHS = "$(inherited) @executable_path/Frameworks";
				PRODUCT_BUNDLE_IDENTIFIER = "com.Jascc.-0170503";
				PRODUCT_NAME = "$(TARGET_NAME)";
				SWIFT_VERSION = 3.0;
			};
			name = Debug;
		};
		807836091EB9C1A000D2FE0E /* Release */ = {
			isa = XCBuildConfiguration;
			buildSettings = {
				ASSETCATALOG_COMPILER_APPICON_NAME = AppIcon;
				INFOPLIST_FILE = 20170503/Info.plist;
				LD_RUNPATH_SEARCH_PATHS = "$(inherited) @executable_path/Frameworks";
				PRODUCT_BUNDLE_IDENTIFIER = "com.Jascc.-0170503";
				PRODUCT_NAME = "$(TARGET_NAME)";
				SWIFT_VERSION = 3.0;
			};
			name = Release;
		};
		8078360B1EB9C1A000D2FE0E /* Debug */ = {
			isa = XCBuildConfiguration;
			buildSettings = {
				ALWAYS_EMBED_SWIFT_STANDARD_LIBRARIES = YES;
				BUNDLE_LOADER = "$(TEST_HOST)";
				INFOPLIST_FILE = 20170503Tests/Info.plist;
				LD_RUNPATH_SEARCH_PATHS = "$(inherited) @executable_path/Frameworks @loader_path/Frameworks";
				PRODUCT_BUNDLE_IDENTIFIER = "com.Jascc.-0170503Tests";
				PRODUCT_NAME = "$(TARGET_NAME)";
				SWIFT_VERSION = 3.0;
				TEST_HOST = "$(BUILT_PRODUCTS_DIR)/20170503.app/20170503";
			};
			name = Debug;
		};
		8078360C1EB9C1A000D2FE0E /* Release */ = {
			isa = XCBuildConfiguration;
			buildSettings = {
				ALWAYS_EMBED_SWIFT_STANDARD_LIBRARIES = YES;
				BUNDLE_LOADER = "$(TEST_HOST)";
				INFOPLIST_FILE = 20170503Tests/Info.plist;
				LD_RUNPATH_SEARCH_PATHS = "$(inherited) @executable_path/Frameworks @loader_path/Frameworks";
				PRODUCT_BUNDLE_IDENTIFIER = "com.Jascc.-0170503Tests";
				PRODUCT_NAME = "$(TARGET_NAME)";
				SWIFT_VERSION = 3.0;
				TEST_HOST = "$(BUILT_PRODUCTS_DIR)/20170503.app/20170503";
			};
			name = Release;
		};
		8078360E1EB9C1A000D2FE0E /* Debug */ = {
			isa = XCBuildConfiguration;
			buildSettings = {
				ALWAYS_EMBED_SWIFT_STANDARD_LIBRARIES = YES;
				INFOPLIST_FILE = 20170503UITests/Info.plist;
				LD_RUNPATH_SEARCH_PATHS = "$(inherited) @executable_path/Frameworks @loader_path/Frameworks";
				PRODUCT_BUNDLE_IDENTIFIER = "com.Jascc.-0170503UITests";
				PRODUCT_NAME = "$(TARGET_NAME)";
				SWIFT_VERSION = 3.0;
				TEST_TARGET_NAME = 20170503;
			};
			name = Debug;
		};
		8078360F1EB9C1A000D2FE0E /* Release */ = {
			isa = XCBuildConfiguration;
			buildSettings = {
				ALWAYS_EMBED_SWIFT_STANDARD_LIBRARIES = YES;
				INFOPLIST_FILE = 20170503UITests/Info.plist;
				LD_RUNPATH_SEARCH_PATHS = "$(inherited) @executable_path/Frameworks @loader_path/Frameworks";
				PRODUCT_BUNDLE_IDENTIFIER = "com.Jascc.-0170503UITests";
				PRODUCT_NAME = "$(TARGET_NAME)";
				SWIFT_VERSION = 3.0;
				TEST_TARGET_NAME = 20170503;
			};
			name = Release;
		};
/* End XCBuildConfiguration section */

/* Begin XCConfigurationList section */
		807835DA1EB9C1A000D2FE0E /* Build configuration list for PBXProject "20170503" */ = {
			isa = XCConfigurationList;
			buildConfigurations = (
				807836051EB9C1A000D2FE0E /* Debug */,
				807836061EB9C1A000D2FE0E /* Release */,
			);
			defaultConfigurationIsVisible = 0;
			defaultConfigurationName = Release;
		};
		807836071EB9C1A000D2FE0E /* Build configuration list for PBXNativeTarget "20170503" */ = {
			isa = XCConfigurationList;
			buildConfigurations = (
				807836081EB9C1A000D2FE0E /* Debug */,
				807836091EB9C1A000D2FE0E /* Release */,
			);
			defaultConfigurationIsVisible = 0;
		};
		8078360A1EB9C1A000D2FE0E /* Build configuration list for PBXNativeTarget "20170503Tests" */ = {
			isa = XCConfigurationList;
			buildConfigurations = (
				8078360B1EB9C1A000D2FE0E /* Debug */,
				8078360C1EB9C1A000D2FE0E /* Release */,
			);
			defaultConfigurationIsVisible = 0;
		};
		8078360D1EB9C1A000D2FE0E /* Build configuration list for PBXNativeTarget "20170503UITests" */ = {
			isa = XCConfigurationList;
			buildConfigurations = (
				8078360E1EB9C1A000D2FE0E /* Debug */,
				8078360F1EB9C1A000D2FE0E /* Release */,
			);
			defaultConfigurationIsVisible = 0;
		};
/* End XCConfigurationList section */
	};
	rootObject = 807835D71EB9C1A000D2FE0E /* Project object */;
}
